// !$*UTF8*$!
{
	archiveVersion = 1;
	classes = {
	};
	objectVersion = 50;
	objects = {

/* Begin PBXBuildFile section */
		35FBDD23267897760062704C /* AppDelegate.swift in Sources */ = {isa = PBXBuildFile; fileRef = 35FBDD22267897760062704C /* AppDelegate.swift */; };
		35FBDD25267897770062704C /* SceneDelegate.swift in Sources */ = {isa = PBXBuildFile; fileRef = 35FBDD24267897770062704C /* SceneDelegate.swift */; };
		35FBDD2A267897770062704C /* Main.storyboard in Resources */ = {isa = PBXBuildFile; fileRef = 35FBDD28267897770062704C /* Main.storyboard */; };
		35FBDD2C2678977C0062704C /* Assets.xcassets in Resources */ = {isa = PBXBuildFile; fileRef = 35FBDD2B2678977C0062704C /* Assets.xcassets */; };
		35FBDD2F2678977C0062704C /* LaunchScreen.storyboard in Resources */ = {isa = PBXBuildFile; fileRef = 35FBDD2D2678977C0062704C /* LaunchScreen.storyboard */; };
		35FBDD3A2678977D0062704C /* PrototypeTests.swift in Sources */ = {isa = PBXBuildFile; fileRef = 35FBDD392678977D0062704C /* PrototypeTests.swift */; };
		35FBDD452678977D0062704C /* PrototypeUITests.swift in Sources */ = {isa = PBXBuildFile; fileRef = 35FBDD442678977D0062704C /* PrototypeUITests.swift */; };
		35FBDD552678ABA40062704C /* FeedViewController.swift in Sources */ = {isa = PBXBuildFile; fileRef = 35FBDD542678ABA40062704C /* FeedViewController.swift */; };
/* End PBXBuildFile section */

/* Begin PBXContainerItemProxy section */
		35FBDD362678977D0062704C /* PBXContainerItemProxy */ = {
			isa = PBXContainerItemProxy;
			containerPortal = 35FBDD17267897760062704C /* Project object */;
			proxyType = 1;
			remoteGlobalIDString = 35FBDD1E267897760062704C;
			remoteInfo = Prototype;
		};
		35FBDD412678977D0062704C /* PBXContainerItemProxy */ = {
			isa = PBXContainerItemProxy;
			containerPortal = 35FBDD17267897760062704C /* Project object */;
			proxyType = 1;
			remoteGlobalIDString = 35FBDD1E267897760062704C;
			remoteInfo = Prototype;
		};
/* End PBXContainerItemProxy section */

/* Begin PBXFileReference section */
		35FBDD1F267897760062704C /* Prototype.app */ = {isa = PBXFileReference; explicitFileType = wrapper.application; includeInIndex = 0; path = Prototype.app; sourceTree = BUILT_PRODUCTS_DIR; };
		35FBDD22267897760062704C /* AppDelegate.swift */ = {isa = PBXFileReference; lastKnownFileType = sourcecode.swift; path = AppDelegate.swift; sourceTree = "<group>"; };
		35FBDD24267897770062704C /* SceneDelegate.swift */ = {isa = PBXFileReference; lastKnownFileType = sourcecode.swift; path = SceneDelegate.swift; sourceTree = "<group>"; };
		35FBDD29267897770062704C /* Base */ = {isa = PBXFileReference; lastKnownFileType = file.storyboard; name = Base; path = Base.lproj/Main.storyboard; sourceTree = "<group>"; };
		35FBDD2B2678977C0062704C /* Assets.xcassets */ = {isa = PBXFileReference; lastKnownFileType = folder.assetcatalog; path = Assets.xcassets; sourceTree = "<group>"; };
		35FBDD2E2678977C0062704C /* Base */ = {isa = PBXFileReference; lastKnownFileType = file.storyboard; name = Base; path = Base.lproj/LaunchScreen.storyboard; sourceTree = "<group>"; };
		35FBDD302678977C0062704C /* Info.plist */ = {isa = PBXFileReference; lastKnownFileType = text.plist.xml; path = Info.plist; sourceTree = "<group>"; };
		35FBDD352678977D0062704C /* PrototypeTests.xctest */ = {isa = PBXFileReference; explicitFileType = wrapper.cfbundle; includeInIndex = 0; path = PrototypeTests.xctest; sourceTree = BUILT_PRODUCTS_DIR; };
		35FBDD392678977D0062704C /* PrototypeTests.swift */ = {isa = PBXFileReference; lastKnownFileType = sourcecode.swift; path = PrototypeTests.swift; sourceTree = "<group>"; };
		35FBDD3B2678977D0062704C /* Info.plist */ = {isa = PBXFileReference; lastKnownFileType = text.plist.xml; path = Info.plist; sourceTree = "<group>"; };
		35FBDD402678977D0062704C /* PrototypeUITests.xctest */ = {isa = PBXFileReference; explicitFileType = wrapper.cfbundle; includeInIndex = 0; path = PrototypeUITests.xctest; sourceTree = BUILT_PRODUCTS_DIR; };
		35FBDD442678977D0062704C /* PrototypeUITests.swift */ = {isa = PBXFileReference; lastKnownFileType = sourcecode.swift; path = PrototypeUITests.swift; sourceTree = "<group>"; };
		35FBDD462678977D0062704C /* Info.plist */ = {isa = PBXFileReference; lastKnownFileType = text.plist.xml; path = Info.plist; sourceTree = "<group>"; };
		35FBDD542678ABA40062704C /* FeedViewController.swift */ = {isa = PBXFileReference; lastKnownFileType = sourcecode.swift; path = FeedViewController.swift; sourceTree = "<group>"; };
/* End PBXFileReference section */

/* Begin PBXFrameworksBuildPhase section */
		35FBDD1C267897760062704C /* Frameworks */ = {
			isa = PBXFrameworksBuildPhase;
			buildActionMask = 2147483647;
			files = (
			);
			runOnlyForDeploymentPostprocessing = 0;
		};
		35FBDD322678977D0062704C /* Frameworks */ = {
			isa = PBXFrameworksBuildPhase;
			buildActionMask = 2147483647;
			files = (
			);
			runOnlyForDeploymentPostprocessing = 0;
		};
		35FBDD3D2678977D0062704C /* Frameworks */ = {
			isa = PBXFrameworksBuildPhase;
			buildActionMask = 2147483647;
			files = (
			);
			runOnlyForDeploymentPostprocessing = 0;
		};
/* End PBXFrameworksBuildPhase section */

/* Begin PBXGroup section */
		35FBDD16267897760062704C = {
			isa = PBXGroup;
			children = (
				35FBDD21267897760062704C /* Prototype */,
				35FBDD382678977D0062704C /* PrototypeTests */,
				35FBDD432678977D0062704C /* PrototypeUITests */,
				35FBDD20267897760062704C /* Products */,
			);
			sourceTree = "<group>";
		};
		35FBDD20267897760062704C /* Products */ = {
			isa = PBXGroup;
			children = (
				35FBDD1F267897760062704C /* Prototype.app */,
				35FBDD352678977D0062704C /* PrototypeTests.xctest */,
				35FBDD402678977D0062704C /* PrototypeUITests.xctest */,
			);
			name = Products;
			sourceTree = "<group>";
		};
		35FBDD21267897760062704C /* Prototype */ = {
			isa = PBXGroup;
			children = (
				35FBDD22267897760062704C /* AppDelegate.swift */,
				35FBDD24267897770062704C /* SceneDelegate.swift */,
				35FBDD28267897770062704C /* Main.storyboard */,
				35FBDD2B2678977C0062704C /* Assets.xcassets */,
				35FBDD2D2678977C0062704C /* LaunchScreen.storyboard */,
				35FBDD302678977C0062704C /* Info.plist */,
				35FBDD542678ABA40062704C /* FeedViewController.swift */,
			);
			path = Prototype;
			sourceTree = "<group>";
		};
		35FBDD382678977D0062704C /* PrototypeTests */ = {
			isa = PBXGroup;
			children = (
				35FBDD392678977D0062704C /* PrototypeTests.swift */,
				35FBDD3B2678977D0062704C /* Info.plist */,
			);
			path = PrototypeTests;
			sourceTree = "<group>";
		};
		35FBDD432678977D0062704C /* PrototypeUITests */ = {
			isa = PBXGroup;
			children = (
				35FBDD442678977D0062704C /* PrototypeUITests.swift */,
				35FBDD462678977D0062704C /* Info.plist */,
			);
			path = PrototypeUITests;
			sourceTree = "<group>";
		};
/* End PBXGroup section */

/* Begin PBXNativeTarget section */
		35FBDD1E267897760062704C /* Prototype */ = {
			isa = PBXNativeTarget;
			buildConfigurationList = 35FBDD492678977D0062704C /* Build configuration list for PBXNativeTarget "Prototype" */;
			buildPhases = (
				35FBDD1B267897760062704C /* Sources */,
				35FBDD1C267897760062704C /* Frameworks */,
				35FBDD1D267897760062704C /* Resources */,
			);
			buildRules = (
			);
			dependencies = (
			);
			name = Prototype;
			productName = Prototype;
			productReference = 35FBDD1F267897760062704C /* Prototype.app */;
			productType = "com.apple.product-type.application";
		};
		35FBDD342678977D0062704C /* PrototypeTests */ = {
			isa = PBXNativeTarget;
			buildConfigurationList = 35FBDD4C2678977D0062704C /* Build configuration list for PBXNativeTarget "PrototypeTests" */;
			buildPhases = (
				35FBDD312678977D0062704C /* Sources */,
				35FBDD322678977D0062704C /* Frameworks */,
				35FBDD332678977D0062704C /* Resources */,
			);
			buildRules = (
			);
			dependencies = (
				35FBDD372678977D0062704C /* PBXTargetDependency */,
			);
			name = PrototypeTests;
			productName = PrototypeTests;
			productReference = 35FBDD352678977D0062704C /* PrototypeTests.xctest */;
			productType = "com.apple.product-type.bundle.unit-test";
		};
		35FBDD3F2678977D0062704C /* PrototypeUITests */ = {
			isa = PBXNativeTarget;
			buildConfigurationList = 35FBDD4F2678977D0062704C /* Build configuration list for PBXNativeTarget "PrototypeUITests" */;
			buildPhases = (
				35FBDD3C2678977D0062704C /* Sources */,
				35FBDD3D2678977D0062704C /* Frameworks */,
				35FBDD3E2678977D0062704C /* Resources */,
			);
			buildRules = (
			);
			dependencies = (
				35FBDD422678977D0062704C /* PBXTargetDependency */,
			);
			name = PrototypeUITests;
			productName = PrototypeUITests;
			productReference = 35FBDD402678977D0062704C /* PrototypeUITests.xctest */;
			productType = "com.apple.product-type.bundle.ui-testing";
		};
/* End PBXNativeTarget section */

/* Begin PBXProject section */
		35FBDD17267897760062704C /* Project object */ = {
			isa = PBXProject;
			attributes = {
				LastSwiftUpdateCheck = 1140;
				LastUpgradeCheck = 1140;
				ORGANIZATIONNAME = "Shreya Pallan";
				TargetAttributes = {
					35FBDD1E267897760062704C = {
						CreatedOnToolsVersion = 11.4.1;
					};
					35FBDD342678977D0062704C = {
						CreatedOnToolsVersion = 11.4.1;
						TestTargetID = 35FBDD1E267897760062704C;
					};
					35FBDD3F2678977D0062704C = {
						CreatedOnToolsVersion = 11.4.1;
						TestTargetID = 35FBDD1E267897760062704C;
					};
				};
			};
			buildConfigurationList = 35FBDD1A267897760062704C /* Build configuration list for PBXProject "Prototype" */;
			compatibilityVersion = "Xcode 9.3";
			developmentRegion = en;
			hasScannedForEncodings = 0;
			knownRegions = (
				en,
				Base,
			);
			mainGroup = 35FBDD16267897760062704C;
			productRefGroup = 35FBDD20267897760062704C /* Products */;
			projectDirPath = "";
			projectRoot = "";
			targets = (
				35FBDD1E267897760062704C /* Prototype */,
				35FBDD342678977D0062704C /* PrototypeTests */,
				35FBDD3F2678977D0062704C /* PrototypeUITests */,
			);
		};
/* End PBXProject section */

/* Begin PBXResourcesBuildPhase section */
		35FBDD1D267897760062704C /* Resources */ = {
			isa = PBXResourcesBuildPhase;
			buildActionMask = 2147483647;
			files = (
				35FBDD2F2678977C0062704C /* LaunchScreen.storyboard in Resources */,
				35FBDD2C2678977C0062704C /* Assets.xcassets in Resources */,
				35FBDD2A267897770062704C /* Main.storyboard in Resources */,
			);
			runOnlyForDeploymentPostprocessing = 0;
		};
		35FBDD332678977D0062704C /* Resources */ = {
			isa = PBXResourcesBuildPhase;
			buildActionMask = 2147483647;
			files = (
			);
			runOnlyForDeploymentPostprocessing = 0;
		};
		35FBDD3E2678977D0062704C /* Resources */ = {
			isa = PBXResourcesBuildPhase;
			buildActionMask = 2147483647;
			files = (
			);
			runOnlyForDeploymentPostprocessing = 0;
		};
/* End PBXResourcesBuildPhase section */

/* Begin PBXSourcesBuildPhase section */
		35FBDD1B267897760062704C /* Sources */ = {
			isa = PBXSourcesBuildPhase;
			buildActionMask = 2147483647;
			files = (
				35FBDD23267897760062704C /* AppDelegate.swift in Sources */,
				35FBDD552678ABA40062704C /* FeedViewController.swift in Sources */,
				35FBDD25267897770062704C /* SceneDelegate.swift in Sources */,
			);
			runOnlyForDeploymentPostprocessing = 0;
		};
		35FBDD312678977D0062704C /* Sources */ = {
			isa = PBXSourcesBuildPhase;
			buildActionMask = 2147483647;
			files = (
				35FBDD3A2678977D0062704C /* PrototypeTests.swift in Sources */,
			);
			runOnlyForDeploymentPostprocessing = 0;
		};
		35FBDD3C2678977D0062704C /* Sources */ = {
			isa = PBXSourcesBuildPhase;
			buildActionMask = 2147483647;
			files = (
				35FBDD452678977D0062704C /* PrototypeUITests.swift in Sources */,
			);
			runOnlyForDeploymentPostprocessing = 0;
		};
/* End PBXSourcesBuildPhase section */

/* Begin PBXTargetDependency section */
		35FBDD372678977D0062704C /* PBXTargetDependency */ = {
			isa = PBXTargetDependency;
			target = 35FBDD1E267897760062704C /* Prototype */;
			targetProxy = 35FBDD362678977D0062704C /* PBXContainerItemProxy */;
		};
		35FBDD422678977D0062704C /* PBXTargetDependency */ = {
			isa = PBXTargetDependency;
			target = 35FBDD1E267897760062704C /* Prototype */;
			targetProxy = 35FBDD412678977D0062704C /* PBXContainerItemProxy */;
		};
/* End PBXTargetDependency section */

/* Begin PBXVariantGroup section */
		35FBDD28267897770062704C /* Main.storyboard */ = {
			isa = PBXVariantGroup;
			children = (
				35FBDD29267897770062704C /* Base */,
			);
			name = Main.storyboard;
			sourceTree = "<group>";
		};
		35FBDD2D2678977C0062704C /* LaunchScreen.storyboard */ = {
			isa = PBXVariantGroup;
			children = (
				35FBDD2E2678977C0062704C /* Base */,
			);
			name = LaunchScreen.storyboard;
			sourceTree = "<group>";
		};
/* End PBXVariantGroup section */

/* Begin XCBuildConfiguration section */
		35FBDD472678977D0062704C /* Debug */ = {
			isa = XCBuildConfiguration;
			buildSettings = {
				ALWAYS_SEARCH_USER_PATHS = NO;
				CLANG_ANALYZER_NONNULL = YES;
				CLANG_ANALYZER_NUMBER_OBJECT_CONVERSION = YES_AGGRESSIVE;
				CLANG_CXX_LANGUAGE_STANDARD = "gnu++14";
				CLANG_CXX_LIBRARY = "libc++";
				CLANG_ENABLE_MODULES = YES;
				CLANG_ENABLE_OBJC_ARC = YES;
				CLANG_ENABLE_OBJC_WEAK = YES;
				CLANG_WARN_BLOCK_CAPTURE_AUTORELEASING = YES;
				CLANG_WARN_BOOL_CONVERSION = YES;
				CLANG_WARN_COMMA = YES;
				CLANG_WARN_CONSTANT_CONVERSION = YES;
				CLANG_WARN_DEPRECATED_OBJC_IMPLEMENTATIONS = YES;
				CLANG_WARN_DIRECT_OBJC_ISA_USAGE = YES_ERROR;
				CLANG_WARN_DOCUMENTATION_COMMENTS = YES;
				CLANG_WARN_EMPTY_BODY = YES;
				CLANG_WARN_ENUM_CONVERSION = YES;
				CLANG_WARN_INFINITE_RECURSION = YES;
				CLANG_WARN_INT_CONVERSION = YES;
				CLANG_WARN_NON_LITERAL_NULL_CONVERSION = YES;
				CLANG_WARN_OBJC_IMPLICIT_RETAIN_SELF = YES;
				CLANG_WARN_OBJC_LITERAL_CONVERSION = YES;
				CLANG_WARN_OBJC_ROOT_CLASS = YES_ERROR;
				CLANG_WARN_RANGE_LOOP_ANALYSIS = YES;
				CLANG_WARN_STRICT_PROTOTYPES = YES;
				CLANG_WARN_SUSPICIOUS_MOVE = YES;
				CLANG_WARN_UNGUARDED_AVAILABILITY = YES_AGGRESSIVE;
				CLANG_WARN_UNREACHABLE_CODE = YES;
				CLANG_WARN__DUPLICATE_METHOD_MATCH = YES;
				COPY_PHASE_STRIP = NO;
				DEBUG_INFORMATION_FORMAT = dwarf;
				ENABLE_STRICT_OBJC_MSGSEND = YES;
				ENABLE_TESTABILITY = YES;
				GCC_C_LANGUAGE_STANDARD = gnu11;
				GCC_DYNAMIC_NO_PIC = NO;
				GCC_NO_COMMON_BLOCKS = YES;
				GCC_OPTIMIZATION_LEVEL = 0;
				GCC_PREPROCESSOR_DEFINITIONS = (
					"DEBUG=1",
					"$(inherited)",
				);
				GCC_WARN_64_TO_32_BIT_CONVERSION = YES;
				GCC_WARN_ABOUT_RETURN_TYPE = YES_ERROR;
				GCC_WARN_UNDECLARED_SELECTOR = YES;
				GCC_WARN_UNINITIALIZED_AUTOS = YES_AGGRESSIVE;
				GCC_WARN_UNUSED_FUNCTION = YES;
				GCC_WARN_UNUSED_VARIABLE = YES;
				IPHONEOS_DEPLOYMENT_TARGET = 13.4;
				MTL_ENABLE_DEBUG_INFO = INCLUDE_SOURCE;
				MTL_FAST_MATH = YES;
				ONLY_ACTIVE_ARCH = YES;
				SDKROOT = iphoneos;
				SWIFT_ACTIVE_COMPILATION_CONDITIONS = DEBUG;
				SWIFT_OPTIMIZATION_LEVEL = "-Onone";
			};
			name = Debug;
		};
		35FBDD482678977D0062704C /* Release */ = {
			isa = XCBuildConfiguration;
			buildSettings = {
				ALWAYS_SEARCH_USER_PATHS = NO;
				CLANG_ANALYZER_NONNULL = YES;
				CLANG_ANALYZER_NUMBER_OBJECT_CONVERSION = YES_AGGRESSIVE;
				CLANG_CXX_LANGUAGE_STANDARD = "gnu++14";
				CLANG_CXX_LIBRARY = "libc++";
				CLANG_ENABLE_MODULES = YES;
				CLANG_ENABLE_OBJC_ARC = YES;
				CLANG_ENABLE_OBJC_WEAK = YES;
				CLANG_WARN_BLOCK_CAPTURE_AUTORELEASING = YES;
				CLANG_WARN_BOOL_CONVERSION = YES;
				CLANG_WARN_COMMA = YES;
				CLANG_WARN_CONSTANT_CONVERSION = YES;
				CLANG_WARN_DEPRECATED_OBJC_IMPLEMENTATIONS = YES;
				CLANG_WARN_DIRECT_OBJC_ISA_USAGE = YES_ERROR;
				CLANG_WARN_DOCUMENTATION_COMMENTS = YES;
				CLANG_WARN_EMPTY_BODY = YES;
				CLANG_WARN_ENUM_CONVERSION = YES;
				CLANG_WARN_INFINITE_RECURSION = YES;
				CLANG_WARN_INT_CONVERSION = YES;
				CLANG_WARN_NON_LITERAL_NULL_CONVERSION = YES;
				CLANG_WARN_OBJC_IMPLICIT_RETAIN_SELF = YES;
				CLANG_WARN_OBJC_LITERAL_CONVERSION = YES;
				CLANG_WARN_OBJC_ROOT_CLASS = YES_ERROR;
				CLANG_WARN_RANGE_LOOP_ANALYSIS = YES;
				CLANG_WARN_STRICT_PROTOTYPES = YES;
				CLANG_WARN_SUSPICIOUS_MOVE = YES;
				CLANG_WARN_UNGUARDED_AVAILABILITY = YES_AGGRESSIVE;
				CLANG_WARN_UNREACHABLE_CODE = YES;
				CLANG_WARN__DUPLICATE_METHOD_MATCH = YES;
				COPY_PHASE_STRIP = NO;
				DEBUG_INFORMATION_FORMAT = "dwarf-with-dsym";
				ENABLE_NS_ASSERTIONS = NO;
				ENABLE_STRICT_OBJC_MSGSEND = YES;
				GCC_C_LANGUAGE_STANDARD = gnu11;
				GCC_NO_COMMON_BLOCKS = YES;
				GCC_WARN_64_TO_32_BIT_CONVERSION = YES;
				GCC_WARN_ABOUT_RETURN_TYPE = YES_ERROR;
				GCC_WARN_UNDECLARED_SELECTOR = YES;
				GCC_WARN_UNINITIALIZED_AUTOS = YES_AGGRESSIVE;
				GCC_WARN_UNUSED_FUNCTION = YES;
				GCC_WARN_UNUSED_VARIABLE = YES;
				IPHONEOS_DEPLOYMENT_TARGET = 13.4;
				MTL_ENABLE_DEBUG_INFO = NO;
				MTL_FAST_MATH = YES;
				SDKROOT = iphoneos;
				SWIFT_COMPILATION_MODE = wholemodule;
				SWIFT_OPTIMIZATION_LEVEL = "-O";
				VALIDATE_PRODUCT = YES;
			};
			name = Release;
		};
		35FBDD4A2678977D0062704C /* Debug */ = {
			isa = XCBuildConfiguration;
			buildSettings = {
				ASSETCATALOG_COMPILER_APPICON_NAME = AppIcon;
				CODE_SIGN_STYLE = Automatic;
				DEVELOPMENT_TEAM = JHMZ6EEG92;
				INFOPLIST_FILE = Prototype/Info.plist;
				LD_RUNPATH_SEARCH_PATHS = (
					"$(inherited)",
					"@executable_path/Frameworks",
				);
				PRODUCT_BUNDLE_IDENTIFIER = com.shreyapallan.EssentialFeed.Prototype;
				PRODUCT_NAME = "$(TARGET_NAME)";
				SWIFT_VERSION = 5.0;
				TARGETED_DEVICE_FAMILY = "1,2";
			};
			name = Debug;
		};
		35FBDD4B2678977D0062704C /* Release */ = {
			isa = XCBuildConfiguration;
			buildSettings = {
				ASSETCATALOG_COMPILER_APPICON_NAME = AppIcon;
				CODE_SIGN_STYLE = Automatic;
				DEVELOPMENT_TEAM = JHMZ6EEG92;
				INFOPLIST_FILE = Prototype/Info.plist;
				LD_RUNPATH_SEARCH_PATHS = (
					"$(inherited)",
					"@executable_path/Frameworks",
				);
				PRODUCT_BUNDLE_IDENTIFIER = com.shreyapallan.EssentialFeed.Prototype;
				PRODUCT_NAME = "$(TARGET_NAME)";
				SWIFT_VERSION = 5.0;
				TARGETED_DEVICE_FAMILY = "1,2";
			};
			name = Release;
		};
		35FBDD4D2678977D0062704C /* Debug */ = {
			isa = XCBuildConfiguration;
			buildSettings = {
				ALWAYS_EMBED_SWIFT_STANDARD_LIBRARIES = YES;
				BUNDLE_LOADER = "$(TEST_HOST)";
				CODE_SIGN_STYLE = Automatic;
				DEVELOPMENT_TEAM = JHMZ6EEG92;
				INFOPLIST_FILE = PrototypeTests/Info.plist;
				IPHONEOS_DEPLOYMENT_TARGET = 13.4;
				LD_RUNPATH_SEARCH_PATHS = (
					"$(inherited)",
					"@executable_path/Frameworks",
					"@loader_path/Frameworks",
				);
				PRODUCT_BUNDLE_IDENTIFIER = com.shreyapallan.PrototypeTests;
				PRODUCT_NAME = "$(TARGET_NAME)";
				SWIFT_VERSION = 5.0;
				TARGETED_DEVICE_FAMILY = "1,2";
				TEST_HOST = "$(BUILT_PRODUCTS_DIR)/Prototype.app/Prototype";
			};
			name = Debug;
		};
		35FBDD4E2678977D0062704C /* Release */ = {
			isa = XCBuildConfiguration;
			buildSettings = {
				ALWAYS_EMBED_SWIFT_STANDARD_LIBRARIES = YES;
				BUNDLE_LOADER = "$(TEST_HOST)";
				CODE_SIGN_STYLE = Automatic;
				DEVELOPMENT_TEAM = JHMZ6EEG92;
				INFOPLIST_FILE = PrototypeTests/Info.plist;
				IPHONEOS_DEPLOYMENT_TARGET = 13.4;
				LD_RUNPATH_SEARCH_PATHS = (
					"$(inherited)",
					"@executable_path/Frameworks",
					"@loader_path/Frameworks",
				);
				PRODUCT_BUNDLE_IDENTIFIER = com.shreyapallan.PrototypeTests;
				PRODUCT_NAME = "$(TARGET_NAME)";
				SWIFT_VERSION = 5.0;
				TARGETED_DEVICE_FAMILY = "1,2";
				TEST_HOST = "$(BUILT_PRODUCTS_DIR)/Prototype.app/Prototype";
			};
			name = Release;
		};
		35FBDD502678977D0062704C /* Debug */ = {
			isa = XCBuildConfiguration;
			buildSettings = {
				ALWAYS_EMBED_SWIFT_STANDARD_LIBRARIES = YES;
				CODE_SIGN_STYLE = Automatic;
				DEVELOPMENT_TEAM = JHMZ6EEG92;
				INFOPLIST_FILE = PrototypeUITests/Info.plist;
				LD_RUNPATH_SEARCH_PATHS = (
					"$(inherited)",
					"@executable_path/Frameworks",
					"@loader_path/Frameworks",
				);
				PRODUCT_BUNDLE_IDENTIFIER = com.shreyapallan.PrototypeUITests;
				PRODUCT_NAME = "$(TARGET_NAME)";
				SWIFT_VERSION = 5.0;
				TARGETED_DEVICE_FAMILY = "1,2";
				TEST_TARGET_NAME = Prototype;
			};
			name = Debug;
		};
		35FBDD512678977D0062704C /* Release */ = {
			isa = XCBuildConfiguration;
			buildSettings = {
				ALWAYS_EMBED_SWIFT_STANDARD_LIBRARIES = YES;
				CODE_SIGN_STYLE = Automatic;
				DEVELOPMENT_TEAM = JHMZ6EEG92;
				INFOPLIST_FILE = PrototypeUITests/Info.plist;
				LD_RUNPATH_SEARCH_PATHS = (
					"$(inherited)",
					"@executable_path/Frameworks",
					"@loader_path/Frameworks",
				);
				PRODUCT_BUNDLE_IDENTIFIER = com.shreyapallan.PrototypeUITests;
				PRODUCT_NAME = "$(TARGET_NAME)";
				SWIFT_VERSION = 5.0;
				TARGETED_DEVICE_FAMILY = "1,2";
				TEST_TARGET_NAME = Prototype;
			};
			name = Release;
		};
/* End XCBuildConfiguration section */

/* Begin XCConfigurationList section */
		35FBDD1A267897760062704C /* Build configuration list for PBXProject "Prototype" */ = {
			isa = XCConfigurationList;
			buildConfigurations = (
				35FBDD472678977D0062704C /* Debug */,
				35FBDD482678977D0062704C /* Release */,
			);
			defaultConfigurationIsVisible = 0;
			defaultConfigurationName = Release;
		};
		35FBDD492678977D0062704C /* Build configuration list for PBXNativeTarget "Prototype" */ = {
			isa = XCConfigurationList;
			buildConfigurations = (
				35FBDD4A2678977D0062704C /* Debug */,
				35FBDD4B2678977D0062704C /* Release */,
			);
			defaultConfigurationIsVisible = 0;
			defaultConfigurationName = Release;
		};
		35FBDD4C2678977D0062704C /* Build configuration list for PBXNativeTarget "PrototypeTests" */ = {
			isa = XCConfigurationList;
			buildConfigurations = (
				35FBDD4D2678977D0062704C /* Debug */,
				35FBDD4E2678977D0062704C /* Release */,
			);
			defaultConfigurationIsVisible = 0;
			defaultConfigurationName = Release;
		};
		35FBDD4F2678977D0062704C /* Build configuration list for PBXNativeTarget "PrototypeUITests" */ = {
			isa = XCConfigurationList;
			buildConfigurations = (
				35FBDD502678977D0062704C /* Debug */,
				35FBDD512678977D0062704C /* Release */,
			);
			defaultConfigurationIsVisible = 0;
			defaultConfigurationName = Release;
		};
/* End XCConfigurationList section */
	};
	rootObject = 35FBDD17267897760062704C /* Project object */;
}
