// !$*UTF8*$!
{
	archiveVersion = 1;
	classes = {
	};
	objectVersion = 50;
	objects = {

/* Begin PBXBuildFile section */
		356FFC8A25FA0EB3003C6489 /* EssentialFeed.framework in Frameworks */ = {isa = PBXBuildFile; fileRef = 356FFC8025FA0EB3003C6489 /* EssentialFeed.framework */; };
		356FFC8F25FA0EB3003C6489 /* EssentialFeedTests.swift in Sources */ = {isa = PBXBuildFile; fileRef = 356FFC8E25FA0EB3003C6489 /* EssentialFeedTests.swift */; };
		356FFC9125FA0EB3003C6489 /* EssentialFeed.h in Headers */ = {isa = PBXBuildFile; fileRef = 356FFC8325FA0EB3003C6489 /* EssentialFeed.h */; settings = {ATTRIBUTES = (Public, ); }; };
		356FFC9D25FA1795003C6489 /* FeedLoader.swift in Sources */ = {isa = PBXBuildFile; fileRef = 356FFC9C25FA1795003C6489 /* FeedLoader.swift */; };
		356FFCA425FA2295003C6489 /* RemoteFeedLoaderTests.swift in Sources */ = {isa = PBXBuildFile; fileRef = 356FFCA325FA2295003C6489 /* RemoteFeedLoaderTests.swift */; };
		356FFCA725FB8D16003C6489 /* RemoteFeedLoader.swift in Sources */ = {isa = PBXBuildFile; fileRef = 356FFCA625FB8D16003C6489 /* RemoteFeedLoader.swift */; };
		356FFCAB25FF78A9003C6489 /* FeedImage.swift in Sources */ = {isa = PBXBuildFile; fileRef = 356FFC9A25FA1005003C6489 /* FeedImage.swift */; };
		356FFCAC25FF78B1003C6489 /* FeedLoader.swift in Sources */ = {isa = PBXBuildFile; fileRef = 356FFC9C25FA1795003C6489 /* FeedLoader.swift */; };
		356FFCAD25FF78B4003C6489 /* RemoteFeedLoader.swift in Sources */ = {isa = PBXBuildFile; fileRef = 356FFCA625FB8D16003C6489 /* RemoteFeedLoader.swift */; };
		356FFCB125FFC527003C6489 /* FeedImage.swift in Sources */ = {isa = PBXBuildFile; fileRef = 356FFC9A25FA1005003C6489 /* FeedImage.swift */; };
		356FFCB3260B39DB003C6489 /* HttpClient.swift in Sources */ = {isa = PBXBuildFile; fileRef = 356FFCB2260B39DB003C6489 /* HttpClient.swift */; };
		356FFCB4260B3AA0003C6489 /* HttpClient.swift in Sources */ = {isa = PBXBuildFile; fileRef = 356FFCB2260B39DB003C6489 /* HttpClient.swift */; };
		356FFD0D261878CA003C6489 /* FeedItemsMapper.swift in Sources */ = {isa = PBXBuildFile; fileRef = 356FFD0C261878CA003C6489 /* FeedItemsMapper.swift */; };
		356FFD0E26187991003C6489 /* FeedItemsMapper.swift in Sources */ = {isa = PBXBuildFile; fileRef = 356FFD0C261878CA003C6489 /* FeedItemsMapper.swift */; };
		356FFD11261C4F92003C6489 /* URLSessionHttpClientTests.swift in Sources */ = {isa = PBXBuildFile; fileRef = 356FFD10261C4F92003C6489 /* URLSessionHttpClientTests.swift */; };
		356FFD142625B589003C6489 /* XCTestCase+MemoryLeakTracking.swift in Sources */ = {isa = PBXBuildFile; fileRef = 356FFD132625B589003C6489 /* XCTestCase+MemoryLeakTracking.swift */; };
		35A297222629BC1900F1AAC5 /* URLSessionHttpCLient.swift in Sources */ = {isa = PBXBuildFile; fileRef = 35A297212629BC1900F1AAC5 /* URLSessionHttpCLient.swift */; };
		35A297232629BC3A00F1AAC5 /* URLSessionHttpCLient.swift in Sources */ = {isa = PBXBuildFile; fileRef = 35A297212629BC1900F1AAC5 /* URLSessionHttpCLient.swift */; };
		35A2972B262D628700F1AAC5 /* EssentialFeedAPIEndToEndTests.swift in Sources */ = {isa = PBXBuildFile; fileRef = 35A2972A262D628700F1AAC5 /* EssentialFeedAPIEndToEndTests.swift */; };
		35A2972D262D628700F1AAC5 /* EssentialFeed.framework in Frameworks */ = {isa = PBXBuildFile; fileRef = 356FFC8025FA0EB3003C6489 /* EssentialFeed.framework */; };
		35A29733262D731800F1AAC5 /* XCTestCase+MemoryLeakTracking.swift in Sources */ = {isa = PBXBuildFile; fileRef = 356FFD132625B589003C6489 /* XCTestCase+MemoryLeakTracking.swift */; };
		35A29740263ACD1400F1AAC5 /* CacheFeedUseCaseTests.swift in Sources */ = {isa = PBXBuildFile; fileRef = 35A2973F263ACD1400F1AAC5 /* CacheFeedUseCaseTests.swift */; };
		35A29743264020DE00F1AAC5 /* LocalFeedLoader.swift in Sources */ = {isa = PBXBuildFile; fileRef = 35A29742264020DE00F1AAC5 /* LocalFeedLoader.swift */; };
		35A297442640217500F1AAC5 /* LocalFeedLoader.swift in Sources */ = {isa = PBXBuildFile; fileRef = 35A29742264020DE00F1AAC5 /* LocalFeedLoader.swift */; };
		35A297462640221300F1AAC5 /* FeedStore.swift in Sources */ = {isa = PBXBuildFile; fileRef = 35A297452640221300F1AAC5 /* FeedStore.swift */; };
		35A297472640221300F1AAC5 /* FeedStore.swift in Sources */ = {isa = PBXBuildFile; fileRef = 35A297452640221300F1AAC5 /* FeedStore.swift */; };
		35A2974926466C6C00F1AAC5 /* RemoteFeedItem.swift in Sources */ = {isa = PBXBuildFile; fileRef = 35A2974826466C6C00F1AAC5 /* RemoteFeedItem.swift */; };
		35A2974A26466C6C00F1AAC5 /* RemoteFeedItem.swift in Sources */ = {isa = PBXBuildFile; fileRef = 35A2974826466C6C00F1AAC5 /* RemoteFeedItem.swift */; };
		35A2974C26466CC400F1AAC5 /* LocalFeedImage.swift in Sources */ = {isa = PBXBuildFile; fileRef = 35A2974B26466CC400F1AAC5 /* LocalFeedImage.swift */; };
		35A2974D26466CC400F1AAC5 /* LocalFeedImage.swift in Sources */ = {isa = PBXBuildFile; fileRef = 35A2974B26466CC400F1AAC5 /* LocalFeedImage.swift */; };
		35A297512649518800F1AAC5 /* LoadFeedFromCacheUseCaseTests.swift in Sources */ = {isa = PBXBuildFile; fileRef = 35A297502649518800F1AAC5 /* LoadFeedFromCacheUseCaseTests.swift */; };
		35A297552649589C00F1AAC5 /* FeedStoreSpy.swift in Sources */ = {isa = PBXBuildFile; fileRef = 35A297542649589C00F1AAC5 /* FeedStoreSpy.swift */; };
		35A29757264D059300F1AAC5 /* ValidateFeedCacheUseCaseTests.swift in Sources */ = {isa = PBXBuildFile; fileRef = 35A29756264D059300F1AAC5 /* ValidateFeedCacheUseCaseTests.swift */; };
		35A29759264D0EDB00F1AAC5 /* FeedCacheTestHelpers.swift in Sources */ = {isa = PBXBuildFile; fileRef = 35A29758264D0EDB00F1AAC5 /* FeedCacheTestHelpers.swift */; };
		35A2975B264D107600F1AAC5 /* SharedTestHelpers.swift in Sources */ = {isa = PBXBuildFile; fileRef = 35A2975A264D107600F1AAC5 /* SharedTestHelpers.swift */; };
/* End PBXBuildFile section */

/* Begin PBXContainerItemProxy section */
		356FFC8B25FA0EB3003C6489 /* PBXContainerItemProxy */ = {
			isa = PBXContainerItemProxy;
			containerPortal = 356FFC7725FA0EB3003C6489 /* Project object */;
			proxyType = 1;
			remoteGlobalIDString = 356FFC7F25FA0EB3003C6489;
			remoteInfo = EssentialFeed;
		};
		35A2972E262D628700F1AAC5 /* PBXContainerItemProxy */ = {
			isa = PBXContainerItemProxy;
			containerPortal = 356FFC7725FA0EB3003C6489 /* Project object */;
			proxyType = 1;
			remoteGlobalIDString = 356FFC7F25FA0EB3003C6489;
			remoteInfo = EssentialFeed;
		};
/* End PBXContainerItemProxy section */

/* Begin PBXFileReference section */
		356FFC8025FA0EB3003C6489 /* EssentialFeed.framework */ = {isa = PBXFileReference; explicitFileType = wrapper.framework; includeInIndex = 0; path = EssentialFeed.framework; sourceTree = BUILT_PRODUCTS_DIR; };
		356FFC8325FA0EB3003C6489 /* EssentialFeed.h */ = {isa = PBXFileReference; lastKnownFileType = sourcecode.c.h; path = EssentialFeed.h; sourceTree = "<group>"; };
		356FFC8425FA0EB3003C6489 /* Info.plist */ = {isa = PBXFileReference; lastKnownFileType = text.plist.xml; path = Info.plist; sourceTree = "<group>"; };
		356FFC8925FA0EB3003C6489 /* EssentialFeedTests.xctest */ = {isa = PBXFileReference; explicitFileType = wrapper.cfbundle; includeInIndex = 0; path = EssentialFeedTests.xctest; sourceTree = BUILT_PRODUCTS_DIR; };
		356FFC8E25FA0EB3003C6489 /* EssentialFeedTests.swift */ = {isa = PBXFileReference; lastKnownFileType = sourcecode.swift; path = EssentialFeedTests.swift; sourceTree = "<group>"; };
		356FFC9025FA0EB3003C6489 /* Info.plist */ = {isa = PBXFileReference; lastKnownFileType = text.plist.xml; path = Info.plist; sourceTree = "<group>"; };
		356FFC9A25FA1005003C6489 /* FeedImage.swift */ = {isa = PBXFileReference; lastKnownFileType = sourcecode.swift; path = FeedImage.swift; sourceTree = "<group>"; };
		356FFC9C25FA1795003C6489 /* FeedLoader.swift */ = {isa = PBXFileReference; lastKnownFileType = sourcecode.swift; path = FeedLoader.swift; sourceTree = "<group>"; };
		356FFCA325FA2295003C6489 /* RemoteFeedLoaderTests.swift */ = {isa = PBXFileReference; lastKnownFileType = sourcecode.swift; path = RemoteFeedLoaderTests.swift; sourceTree = "<group>"; };
		356FFCA625FB8D16003C6489 /* RemoteFeedLoader.swift */ = {isa = PBXFileReference; lastKnownFileType = sourcecode.swift; path = RemoteFeedLoader.swift; sourceTree = "<group>"; };
		356FFCB2260B39DB003C6489 /* HttpClient.swift */ = {isa = PBXFileReference; lastKnownFileType = sourcecode.swift; path = HttpClient.swift; sourceTree = "<group>"; };
		356FFD0C261878CA003C6489 /* FeedItemsMapper.swift */ = {isa = PBXFileReference; lastKnownFileType = sourcecode.swift; path = FeedItemsMapper.swift; sourceTree = "<group>"; };
		356FFD10261C4F92003C6489 /* URLSessionHttpClientTests.swift */ = {isa = PBXFileReference; lastKnownFileType = sourcecode.swift; path = URLSessionHttpClientTests.swift; sourceTree = "<group>"; };
		356FFD132625B589003C6489 /* XCTestCase+MemoryLeakTracking.swift */ = {isa = PBXFileReference; lastKnownFileType = sourcecode.swift; path = "XCTestCase+MemoryLeakTracking.swift"; sourceTree = "<group>"; };
		35A297212629BC1900F1AAC5 /* URLSessionHttpCLient.swift */ = {isa = PBXFileReference; lastKnownFileType = sourcecode.swift; path = URLSessionHttpCLient.swift; sourceTree = "<group>"; };
		35A29728262D628700F1AAC5 /* EssentialFeedAPIEndToEndTests.xctest */ = {isa = PBXFileReference; explicitFileType = wrapper.cfbundle; includeInIndex = 0; path = EssentialFeedAPIEndToEndTests.xctest; sourceTree = BUILT_PRODUCTS_DIR; };
		35A2972A262D628700F1AAC5 /* EssentialFeedAPIEndToEndTests.swift */ = {isa = PBXFileReference; lastKnownFileType = sourcecode.swift; path = EssentialFeedAPIEndToEndTests.swift; sourceTree = "<group>"; };
		35A2972C262D628700F1AAC5 /* Info.plist */ = {isa = PBXFileReference; lastKnownFileType = text.plist.xml; path = Info.plist; sourceTree = "<group>"; };
		35A2973F263ACD1400F1AAC5 /* CacheFeedUseCaseTests.swift */ = {isa = PBXFileReference; lastKnownFileType = sourcecode.swift; path = CacheFeedUseCaseTests.swift; sourceTree = "<group>"; };
		35A29742264020DE00F1AAC5 /* LocalFeedLoader.swift */ = {isa = PBXFileReference; lastKnownFileType = sourcecode.swift; path = LocalFeedLoader.swift; sourceTree = "<group>"; };
		35A297452640221300F1AAC5 /* FeedStore.swift */ = {isa = PBXFileReference; lastKnownFileType = sourcecode.swift; path = FeedStore.swift; sourceTree = "<group>"; };
		35A2974826466C6C00F1AAC5 /* RemoteFeedItem.swift */ = {isa = PBXFileReference; lastKnownFileType = sourcecode.swift; path = RemoteFeedItem.swift; sourceTree = "<group>"; };
		35A2974B26466CC400F1AAC5 /* LocalFeedImage.swift */ = {isa = PBXFileReference; lastKnownFileType = sourcecode.swift; path = LocalFeedImage.swift; sourceTree = "<group>"; };
		35A297502649518800F1AAC5 /* LoadFeedFromCacheUseCaseTests.swift */ = {isa = PBXFileReference; lastKnownFileType = sourcecode.swift; path = LoadFeedFromCacheUseCaseTests.swift; sourceTree = "<group>"; };
		35A297542649589C00F1AAC5 /* FeedStoreSpy.swift */ = {isa = PBXFileReference; lastKnownFileType = sourcecode.swift; path = FeedStoreSpy.swift; sourceTree = "<group>"; };
		35A29756264D059300F1AAC5 /* ValidateFeedCacheUseCaseTests.swift */ = {isa = PBXFileReference; lastKnownFileType = sourcecode.swift; path = ValidateFeedCacheUseCaseTests.swift; sourceTree = "<group>"; };
		35A29758264D0EDB00F1AAC5 /* FeedCacheTestHelpers.swift */ = {isa = PBXFileReference; lastKnownFileType = sourcecode.swift; path = FeedCacheTestHelpers.swift; sourceTree = "<group>"; };
		35A2975A264D107600F1AAC5 /* SharedTestHelpers.swift */ = {isa = PBXFileReference; lastKnownFileType = sourcecode.swift; path = SharedTestHelpers.swift; sourceTree = "<group>"; };
/* End PBXFileReference section */

/* Begin PBXFrameworksBuildPhase section */
		356FFC7D25FA0EB3003C6489 /* Frameworks */ = {
			isa = PBXFrameworksBuildPhase;
			buildActionMask = 2147483647;
			files = (
			);
			runOnlyForDeploymentPostprocessing = 0;
		};
		356FFC8625FA0EB3003C6489 /* Frameworks */ = {
			isa = PBXFrameworksBuildPhase;
			buildActionMask = 2147483647;
			files = (
				356FFC8A25FA0EB3003C6489 /* EssentialFeed.framework in Frameworks */,
			);
			runOnlyForDeploymentPostprocessing = 0;
		};
		35A29725262D628700F1AAC5 /* Frameworks */ = {
			isa = PBXFrameworksBuildPhase;
			buildActionMask = 2147483647;
			files = (
				35A2972D262D628700F1AAC5 /* EssentialFeed.framework in Frameworks */,
			);
			runOnlyForDeploymentPostprocessing = 0;
		};
/* End PBXFrameworksBuildPhase section */

/* Begin PBXGroup section */
		356FFC7625FA0EB3003C6489 = {
			isa = PBXGroup;
			children = (
				356FFC8225FA0EB3003C6489 /* EssentialFeed */,
				356FFC8D25FA0EB3003C6489 /* EssentialFeedTests */,
				35A29729262D628700F1AAC5 /* EssentialFeedAPIEndToEndTests */,
				356FFC8125FA0EB3003C6489 /* Products */,
			);
			sourceTree = "<group>";
		};
		356FFC8125FA0EB3003C6489 /* Products */ = {
			isa = PBXGroup;
			children = (
				356FFC8025FA0EB3003C6489 /* EssentialFeed.framework */,
				356FFC8925FA0EB3003C6489 /* EssentialFeedTests.xctest */,
				35A29728262D628700F1AAC5 /* EssentialFeedAPIEndToEndTests.xctest */,
			);
			name = Products;
			sourceTree = "<group>";
		};
		356FFC8225FA0EB3003C6489 /* EssentialFeed */ = {
			isa = PBXGroup;
			children = (
				35A29741264020BD00F1AAC5 /* Feed Cache */,
				356FFCA525FB8CFC003C6489 /* Feed API */,
				356FFC8325FA0EB3003C6489 /* EssentialFeed.h */,
				356FFC8425FA0EB3003C6489 /* Info.plist */,
				356FFC9E25FA18FA003C6489 /* Feed Feature */,
			);
			path = EssentialFeed;
			sourceTree = "<group>";
		};
		356FFC8D25FA0EB3003C6489 /* EssentialFeedTests */ = {
			isa = PBXGroup;
			children = (
				356FFD122625B552003C6489 /* Helpers */,
				35A2973C263AC80800F1AAC5 /* Feed Cache */,
				356FFC8E25FA0EB3003C6489 /* EssentialFeedTests.swift */,
				356FFC9025FA0EB3003C6489 /* Info.plist */,
				356FFD0F2619B1D2003C6489 /* Feed API */,
			);
			path = EssentialFeedTests;
			sourceTree = "<group>";
		};
		356FFC9E25FA18FA003C6489 /* Feed Feature */ = {
			isa = PBXGroup;
			children = (
				356FFC9A25FA1005003C6489 /* FeedImage.swift */,
				356FFC9C25FA1795003C6489 /* FeedLoader.swift */,
			);
			path = "Feed Feature";
			sourceTree = "<group>";
		};
		356FFCA525FB8CFC003C6489 /* Feed API */ = {
			isa = PBXGroup;
			children = (
				356FFCA625FB8D16003C6489 /* RemoteFeedLoader.swift */,
				356FFCB2260B39DB003C6489 /* HttpClient.swift */,
				356FFD0C261878CA003C6489 /* FeedItemsMapper.swift */,
				35A297212629BC1900F1AAC5 /* URLSessionHttpCLient.swift */,
				35A2974826466C6C00F1AAC5 /* RemoteFeedItem.swift */,
			);
			path = "Feed API";
			sourceTree = "<group>";
		};
		356FFD0F2619B1D2003C6489 /* Feed API */ = {
			isa = PBXGroup;
			children = (
				356FFCA325FA2295003C6489 /* RemoteFeedLoaderTests.swift */,
				356FFD10261C4F92003C6489 /* URLSessionHttpClientTests.swift */,
			);
			path = "Feed API";
			sourceTree = "<group>";
		};
		356FFD122625B552003C6489 /* Helpers */ = {
			isa = PBXGroup;
			children = (
				356FFD132625B589003C6489 /* XCTestCase+MemoryLeakTracking.swift */,
				35A2975A264D107600F1AAC5 /* SharedTestHelpers.swift */,
			);
			path = Helpers;
			sourceTree = "<group>";
		};
		35A29729262D628700F1AAC5 /* EssentialFeedAPIEndToEndTests */ = {
			isa = PBXGroup;
			children = (
				35A2972A262D628700F1AAC5 /* EssentialFeedAPIEndToEndTests.swift */,
				35A2972C262D628700F1AAC5 /* Info.plist */,
			);
			path = EssentialFeedAPIEndToEndTests;
			sourceTree = "<group>";
		};
		35A2973C263AC80800F1AAC5 /* Feed Cache */ = {
			isa = PBXGroup;
			children = (
				35A297532649585B00F1AAC5 /* Helpers */,
				35A2973F263ACD1400F1AAC5 /* CacheFeedUseCaseTests.swift */,
				35A297502649518800F1AAC5 /* LoadFeedFromCacheUseCaseTests.swift */,
				35A29756264D059300F1AAC5 /* ValidateFeedCacheUseCaseTests.swift */,
			);
			path = "Feed Cache";
			sourceTree = "<group>";
		};
		35A29741264020BD00F1AAC5 /* Feed Cache */ = {
			isa = PBXGroup;
			children = (
				35A29742264020DE00F1AAC5 /* LocalFeedLoader.swift */,
				35A297452640221300F1AAC5 /* FeedStore.swift */,
				35A2974B26466CC400F1AAC5 /* LocalFeedImage.swift */,
			);
			path = "Feed Cache";
			sourceTree = "<group>";
		};
		35A297532649585B00F1AAC5 /* Helpers */ = {
			isa = PBXGroup;
			children = (
				35A297542649589C00F1AAC5 /* FeedStoreSpy.swift */,
				35A29758264D0EDB00F1AAC5 /* FeedCacheTestHelpers.swift */,
			);
			path = Helpers;
			sourceTree = "<group>";
		};
/* End PBXGroup section */

/* Begin PBXHeadersBuildPhase section */
		356FFC7B25FA0EB3003C6489 /* Headers */ = {
			isa = PBXHeadersBuildPhase;
			buildActionMask = 2147483647;
			files = (
				356FFC9125FA0EB3003C6489 /* EssentialFeed.h in Headers */,
			);
			runOnlyForDeploymentPostprocessing = 0;
		};
/* End PBXHeadersBuildPhase section */

/* Begin PBXNativeTarget section */
		356FFC7F25FA0EB3003C6489 /* EssentialFeed */ = {
			isa = PBXNativeTarget;
			buildConfigurationList = 356FFC9425FA0EB3003C6489 /* Build configuration list for PBXNativeTarget "EssentialFeed" */;
			buildPhases = (
				356FFC7B25FA0EB3003C6489 /* Headers */,
				356FFC7C25FA0EB3003C6489 /* Sources */,
				356FFC7D25FA0EB3003C6489 /* Frameworks */,
				356FFC7E25FA0EB3003C6489 /* Resources */,
			);
			buildRules = (
			);
			dependencies = (
			);
			name = EssentialFeed;
			productName = EssentialFeed;
			productReference = 356FFC8025FA0EB3003C6489 /* EssentialFeed.framework */;
			productType = "com.apple.product-type.framework";
		};
		356FFC8825FA0EB3003C6489 /* EssentialFeedTests */ = {
			isa = PBXNativeTarget;
			buildConfigurationList = 356FFC9725FA0EB3003C6489 /* Build configuration list for PBXNativeTarget "EssentialFeedTests" */;
			buildPhases = (
				356FFC8525FA0EB3003C6489 /* Sources */,
				356FFC8625FA0EB3003C6489 /* Frameworks */,
				356FFC8725FA0EB3003C6489 /* Resources */,
			);
			buildRules = (
			);
			dependencies = (
				356FFC8C25FA0EB3003C6489 /* PBXTargetDependency */,
			);
			name = EssentialFeedTests;
			productName = EssentialFeedTests;
			productReference = 356FFC8925FA0EB3003C6489 /* EssentialFeedTests.xctest */;
			productType = "com.apple.product-type.bundle.unit-test";
		};
		35A29727262D628700F1AAC5 /* EssentialFeedAPIEndToEndTests */ = {
			isa = PBXNativeTarget;
			buildConfigurationList = 35A29730262D628700F1AAC5 /* Build configuration list for PBXNativeTarget "EssentialFeedAPIEndToEndTests" */;
			buildPhases = (
				35A29724262D628700F1AAC5 /* Sources */,
				35A29725262D628700F1AAC5 /* Frameworks */,
				35A29726262D628700F1AAC5 /* Resources */,
			);
			buildRules = (
			);
			dependencies = (
				35A2972F262D628700F1AAC5 /* PBXTargetDependency */,
			);
			name = EssentialFeedAPIEndToEndTests;
			productName = EssentialFeedAPIEndToEndTests;
			productReference = 35A29728262D628700F1AAC5 /* EssentialFeedAPIEndToEndTests.xctest */;
			productType = "com.apple.product-type.bundle.unit-test";
		};
/* End PBXNativeTarget section */

/* Begin PBXProject section */
		356FFC7725FA0EB3003C6489 /* Project object */ = {
			isa = PBXProject;
			attributes = {
				LastSwiftUpdateCheck = 1140;
				LastUpgradeCheck = 1140;
				ORGANIZATIONNAME = "Shreya Pallan";
				TargetAttributes = {
					356FFC7F25FA0EB3003C6489 = {
						CreatedOnToolsVersion = 11.4.1;
						LastSwiftMigration = 1140;
					};
					356FFC8825FA0EB3003C6489 = {
						CreatedOnToolsVersion = 11.4.1;
					};
					35A29727262D628700F1AAC5 = {
						CreatedOnToolsVersion = 11.4.1;
					};
				};
			};
			buildConfigurationList = 356FFC7A25FA0EB3003C6489 /* Build configuration list for PBXProject "EssentialFeed" */;
			compatibilityVersion = "Xcode 9.3";
			developmentRegion = en;
			hasScannedForEncodings = 0;
			knownRegions = (
				en,
				Base,
			);
			mainGroup = 356FFC7625FA0EB3003C6489;
			productRefGroup = 356FFC8125FA0EB3003C6489 /* Products */;
			projectDirPath = "";
			projectRoot = "";
			targets = (
				356FFC7F25FA0EB3003C6489 /* EssentialFeed */,
				356FFC8825FA0EB3003C6489 /* EssentialFeedTests */,
				35A29727262D628700F1AAC5 /* EssentialFeedAPIEndToEndTests */,
			);
		};
/* End PBXProject section */

/* Begin PBXResourcesBuildPhase section */
		356FFC7E25FA0EB3003C6489 /* Resources */ = {
			isa = PBXResourcesBuildPhase;
			buildActionMask = 2147483647;
			files = (
			);
			runOnlyForDeploymentPostprocessing = 0;
		};
		356FFC8725FA0EB3003C6489 /* Resources */ = {
			isa = PBXResourcesBuildPhase;
			buildActionMask = 2147483647;
			files = (
			);
			runOnlyForDeploymentPostprocessing = 0;
		};
		35A29726262D628700F1AAC5 /* Resources */ = {
			isa = PBXResourcesBuildPhase;
			buildActionMask = 2147483647;
			files = (
			);
			runOnlyForDeploymentPostprocessing = 0;
		};
/* End PBXResourcesBuildPhase section */

/* Begin PBXSourcesBuildPhase section */
		356FFC7C25FA0EB3003C6489 /* Sources */ = {
			isa = PBXSourcesBuildPhase;
			buildActionMask = 2147483647;
			files = (
				356FFD0D261878CA003C6489 /* FeedItemsMapper.swift in Sources */,
				356FFCB125FFC527003C6489 /* FeedImage.swift in Sources */,
				35A2974926466C6C00F1AAC5 /* RemoteFeedItem.swift in Sources */,
				356FFC9D25FA1795003C6489 /* FeedLoader.swift in Sources */,
				35A2974C26466CC400F1AAC5 /* LocalFeedImage.swift in Sources */,
				35A297462640221300F1AAC5 /* FeedStore.swift in Sources */,
				35A29743264020DE00F1AAC5 /* LocalFeedLoader.swift in Sources */,
				356FFCB3260B39DB003C6489 /* HttpClient.swift in Sources */,
				356FFCAD25FF78B4003C6489 /* RemoteFeedLoader.swift in Sources */,
				35A297222629BC1900F1AAC5 /* URLSessionHttpCLient.swift in Sources */,
			);
			runOnlyForDeploymentPostprocessing = 0;
		};
		356FFC8525FA0EB3003C6489 /* Sources */ = {
			isa = PBXSourcesBuildPhase;
			buildActionMask = 2147483647;
			files = (
				356FFCAB25FF78A9003C6489 /* FeedImage.swift in Sources */,
				356FFCA425FA2295003C6489 /* RemoteFeedLoaderTests.swift in Sources */,
				35A297472640221300F1AAC5 /* FeedStore.swift in Sources */,
				356FFD142625B589003C6489 /* XCTestCase+MemoryLeakTracking.swift in Sources */,
				35A2974D26466CC400F1AAC5 /* LocalFeedImage.swift in Sources */,
				356FFCA725FB8D16003C6489 /* RemoteFeedLoader.swift in Sources */,
				35A297512649518800F1AAC5 /* LoadFeedFromCacheUseCaseTests.swift in Sources */,
				35A29759264D0EDB00F1AAC5 /* FeedCacheTestHelpers.swift in Sources */,
				356FFD11261C4F92003C6489 /* URLSessionHttpClientTests.swift in Sources */,
				35A29740263ACD1400F1AAC5 /* CacheFeedUseCaseTests.swift in Sources */,
				35A297552649589C00F1AAC5 /* FeedStoreSpy.swift in Sources */,
				35A29757264D059300F1AAC5 /* ValidateFeedCacheUseCaseTests.swift in Sources */,
				35A2975B264D107600F1AAC5 /* SharedTestHelpers.swift in Sources */,
				35A297442640217500F1AAC5 /* LocalFeedLoader.swift in Sources */,
				35A297232629BC3A00F1AAC5 /* URLSessionHttpCLient.swift in Sources */,
				356FFD0E26187991003C6489 /* FeedItemsMapper.swift in Sources */,
				356FFCAC25FF78B1003C6489 /* FeedLoader.swift in Sources */,
				356FFCB4260B3AA0003C6489 /* HttpClient.swift in Sources */,
				35A2974A26466C6C00F1AAC5 /* RemoteFeedItem.swift in Sources */,
				356FFC8F25FA0EB3003C6489 /* EssentialFeedTests.swift in Sources */,
			);
			runOnlyForDeploymentPostprocessing = 0;
		};
		35A29724262D628700F1AAC5 /* Sources */ = {
			isa = PBXSourcesBuildPhase;
			buildActionMask = 2147483647;
			files = (
				35A2972B262D628700F1AAC5 /* EssentialFeedAPIEndToEndTests.swift in Sources */,
				35A29733262D731800F1AAC5 /* XCTestCase+MemoryLeakTracking.swift in Sources */,
			);
			runOnlyForDeploymentPostprocessing = 0;
		};
/* End PBXSourcesBuildPhase section */

/* Begin PBXTargetDependency section */
		356FFC8C25FA0EB3003C6489 /* PBXTargetDependency */ = {
			isa = PBXTargetDependency;
			target = 356FFC7F25FA0EB3003C6489 /* EssentialFeed */;
			targetProxy = 356FFC8B25FA0EB3003C6489 /* PBXContainerItemProxy */;
		};
		35A2972F262D628700F1AAC5 /* PBXTargetDependency */ = {
			isa = PBXTargetDependency;
			target = 356FFC7F25FA0EB3003C6489 /* EssentialFeed */;
			targetProxy = 35A2972E262D628700F1AAC5 /* PBXContainerItemProxy */;
		};
/* End PBXTargetDependency section */

/* Begin XCBuildConfiguration section */
		356FFC9225FA0EB3003C6489 /* Debug */ = {
			isa = XCBuildConfiguration;
			buildSettings = {
				ALWAYS_SEARCH_USER_PATHS = NO;
				CLANG_ANALYZER_NONNULL = YES;
				CLANG_ANALYZER_NUMBER_OBJECT_CONVERSION = YES_AGGRESSIVE;
				CLANG_CXX_LANGUAGE_STANDARD = "gnu++14";
				CLANG_CXX_LIBRARY = "libc++";
				CLANG_ENABLE_MODULES = YES;
				CLANG_ENABLE_OBJC_ARC = YES;
				CLANG_ENABLE_OBJC_WEAK = YES;
				CLANG_WARN_BLOCK_CAPTURE_AUTORELEASING = YES;
				CLANG_WARN_BOOL_CONVERSION = YES;
				CLANG_WARN_COMMA = YES;
				CLANG_WARN_CONSTANT_CONVERSION = YES;
				CLANG_WARN_DEPRECATED_OBJC_IMPLEMENTATIONS = YES;
				CLANG_WARN_DIRECT_OBJC_ISA_USAGE = YES_ERROR;
				CLANG_WARN_DOCUMENTATION_COMMENTS = YES;
				CLANG_WARN_EMPTY_BODY = YES;
				CLANG_WARN_ENUM_CONVERSION = YES;
				CLANG_WARN_INFINITE_RECURSION = YES;
				CLANG_WARN_INT_CONVERSION = YES;
				CLANG_WARN_NON_LITERAL_NULL_CONVERSION = YES;
				CLANG_WARN_OBJC_IMPLICIT_RETAIN_SELF = YES;
				CLANG_WARN_OBJC_LITERAL_CONVERSION = YES;
				CLANG_WARN_OBJC_ROOT_CLASS = YES_ERROR;
				CLANG_WARN_RANGE_LOOP_ANALYSIS = YES;
				CLANG_WARN_STRICT_PROTOTYPES = YES;
				CLANG_WARN_SUSPICIOUS_MOVE = YES;
				CLANG_WARN_UNGUARDED_AVAILABILITY = YES_AGGRESSIVE;
				CLANG_WARN_UNREACHABLE_CODE = YES;
				CLANG_WARN__DUPLICATE_METHOD_MATCH = YES;
				COPY_PHASE_STRIP = NO;
				CURRENT_PROJECT_VERSION = 1;
				DEBUG_INFORMATION_FORMAT = dwarf;
				ENABLE_STRICT_OBJC_MSGSEND = YES;
				ENABLE_TESTABILITY = YES;
				GCC_C_LANGUAGE_STANDARD = gnu11;
				GCC_DYNAMIC_NO_PIC = NO;
				GCC_NO_COMMON_BLOCKS = YES;
				GCC_OPTIMIZATION_LEVEL = 0;
				GCC_PREPROCESSOR_DEFINITIONS = (
					"DEBUG=1",
					"$(inherited)",
				);
				GCC_WARN_64_TO_32_BIT_CONVERSION = YES;
				GCC_WARN_ABOUT_RETURN_TYPE = YES_ERROR;
				GCC_WARN_UNDECLARED_SELECTOR = YES;
				GCC_WARN_UNINITIALIZED_AUTOS = YES_AGGRESSIVE;
				GCC_WARN_UNUSED_FUNCTION = YES;
				GCC_WARN_UNUSED_VARIABLE = YES;
				MACOSX_DEPLOYMENT_TARGET = 10.15;
				MTL_ENABLE_DEBUG_INFO = INCLUDE_SOURCE;
				MTL_FAST_MATH = YES;
				ONLY_ACTIVE_ARCH = YES;
				SDKROOT = macosx;
				SWIFT_ACTIVE_COMPILATION_CONDITIONS = DEBUG;
				SWIFT_OPTIMIZATION_LEVEL = "-Onone";
				VERSIONING_SYSTEM = "apple-generic";
				VERSION_INFO_PREFIX = "";
			};
			name = Debug;
		};
		356FFC9325FA0EB3003C6489 /* Release */ = {
			isa = XCBuildConfiguration;
			buildSettings = {
				ALWAYS_SEARCH_USER_PATHS = NO;
				CLANG_ANALYZER_NONNULL = YES;
				CLANG_ANALYZER_NUMBER_OBJECT_CONVERSION = YES_AGGRESSIVE;
				CLANG_CXX_LANGUAGE_STANDARD = "gnu++14";
				CLANG_CXX_LIBRARY = "libc++";
				CLANG_ENABLE_MODULES = YES;
				CLANG_ENABLE_OBJC_ARC = YES;
				CLANG_ENABLE_OBJC_WEAK = YES;
				CLANG_WARN_BLOCK_CAPTURE_AUTORELEASING = YES;
				CLANG_WARN_BOOL_CONVERSION = YES;
				CLANG_WARN_COMMA = YES;
				CLANG_WARN_CONSTANT_CONVERSION = YES;
				CLANG_WARN_DEPRECATED_OBJC_IMPLEMENTATIONS = YES;
				CLANG_WARN_DIRECT_OBJC_ISA_USAGE = YES_ERROR;
				CLANG_WARN_DOCUMENTATION_COMMENTS = YES;
				CLANG_WARN_EMPTY_BODY = YES;
				CLANG_WARN_ENUM_CONVERSION = YES;
				CLANG_WARN_INFINITE_RECURSION = YES;
				CLANG_WARN_INT_CONVERSION = YES;
				CLANG_WARN_NON_LITERAL_NULL_CONVERSION = YES;
				CLANG_WARN_OBJC_IMPLICIT_RETAIN_SELF = YES;
				CLANG_WARN_OBJC_LITERAL_CONVERSION = YES;
				CLANG_WARN_OBJC_ROOT_CLASS = YES_ERROR;
				CLANG_WARN_RANGE_LOOP_ANALYSIS = YES;
				CLANG_WARN_STRICT_PROTOTYPES = YES;
				CLANG_WARN_SUSPICIOUS_MOVE = YES;
				CLANG_WARN_UNGUARDED_AVAILABILITY = YES_AGGRESSIVE;
				CLANG_WARN_UNREACHABLE_CODE = YES;
				CLANG_WARN__DUPLICATE_METHOD_MATCH = YES;
				COPY_PHASE_STRIP = NO;
				CURRENT_PROJECT_VERSION = 1;
				DEBUG_INFORMATION_FORMAT = "dwarf-with-dsym";
				ENABLE_NS_ASSERTIONS = NO;
				ENABLE_STRICT_OBJC_MSGSEND = YES;
				GCC_C_LANGUAGE_STANDARD = gnu11;
				GCC_NO_COMMON_BLOCKS = YES;
				GCC_WARN_64_TO_32_BIT_CONVERSION = YES;
				GCC_WARN_ABOUT_RETURN_TYPE = YES_ERROR;
				GCC_WARN_UNDECLARED_SELECTOR = YES;
				GCC_WARN_UNINITIALIZED_AUTOS = YES_AGGRESSIVE;
				GCC_WARN_UNUSED_FUNCTION = YES;
				GCC_WARN_UNUSED_VARIABLE = YES;
				MACOSX_DEPLOYMENT_TARGET = 10.15;
				MTL_ENABLE_DEBUG_INFO = NO;
				MTL_FAST_MATH = YES;
				SDKROOT = macosx;
				SWIFT_COMPILATION_MODE = wholemodule;
				SWIFT_OPTIMIZATION_LEVEL = "-O";
				VERSIONING_SYSTEM = "apple-generic";
				VERSION_INFO_PREFIX = "";
			};
			name = Release;
		};
		356FFC9525FA0EB3003C6489 /* Debug */ = {
			isa = XCBuildConfiguration;
			buildSettings = {
				CLANG_ENABLE_MODULES = YES;
				CODE_SIGN_STYLE = Automatic;
				COMBINE_HIDPI_IMAGES = YES;
				DEFINES_MODULE = YES;
				DEVELOPMENT_TEAM = JHMZ6EEG92;
				DYLIB_COMPATIBILITY_VERSION = 1;
				DYLIB_CURRENT_VERSION = 1;
				DYLIB_INSTALL_NAME_BASE = "@rpath";
				INFOPLIST_FILE = EssentialFeed/Info.plist;
				INSTALL_PATH = "$(LOCAL_LIBRARY_DIR)/Frameworks";
				LD_RUNPATH_SEARCH_PATHS = (
					"$(inherited)",
					"@executable_path/../Frameworks",
					"@loader_path/Frameworks",
				);
				PRODUCT_BUNDLE_IDENTIFIER = com.shreyapallan.EssentialFeed;
				PRODUCT_NAME = "$(TARGET_NAME:c99extidentifier)";
				SKIP_INSTALL = YES;
				SWIFT_OPTIMIZATION_LEVEL = "-Onone";
				SWIFT_VERSION = 5.0;
			};
			name = Debug;
		};
		356FFC9625FA0EB3003C6489 /* Release */ = {
			isa = XCBuildConfiguration;
			buildSettings = {
				CLANG_ENABLE_MODULES = YES;
				CODE_SIGN_STYLE = Automatic;
				COMBINE_HIDPI_IMAGES = YES;
				DEFINES_MODULE = YES;
				DEVELOPMENT_TEAM = JHMZ6EEG92;
				DYLIB_COMPATIBILITY_VERSION = 1;
				DYLIB_CURRENT_VERSION = 1;
				DYLIB_INSTALL_NAME_BASE = "@rpath";
				INFOPLIST_FILE = EssentialFeed/Info.plist;
				INSTALL_PATH = "$(LOCAL_LIBRARY_DIR)/Frameworks";
				LD_RUNPATH_SEARCH_PATHS = (
					"$(inherited)",
					"@executable_path/../Frameworks",
					"@loader_path/Frameworks",
				);
				PRODUCT_BUNDLE_IDENTIFIER = com.shreyapallan.EssentialFeed;
				PRODUCT_NAME = "$(TARGET_NAME:c99extidentifier)";
				SKIP_INSTALL = YES;
				SWIFT_VERSION = 5.0;
			};
			name = Release;
		};
		356FFC9825FA0EB3003C6489 /* Debug */ = {
			isa = XCBuildConfiguration;
			buildSettings = {
				ALWAYS_EMBED_SWIFT_STANDARD_LIBRARIES = YES;
				CODE_SIGN_STYLE = Automatic;
				COMBINE_HIDPI_IMAGES = YES;
				DEVELOPMENT_TEAM = JHMZ6EEG92;
				INFOPLIST_FILE = EssentialFeedTests/Info.plist;
				LD_RUNPATH_SEARCH_PATHS = (
					"$(inherited)",
					"@executable_path/../Frameworks",
					"@loader_path/../Frameworks",
				);
				PRODUCT_BUNDLE_IDENTIFIER = com.shreyapallan.EssentialFeedTests;
				PRODUCT_NAME = "$(TARGET_NAME)";
				SWIFT_VERSION = 5.0;
			};
			name = Debug;
		};
		356FFC9925FA0EB3003C6489 /* Release */ = {
			isa = XCBuildConfiguration;
			buildSettings = {
				ALWAYS_EMBED_SWIFT_STANDARD_LIBRARIES = YES;
				CODE_SIGN_STYLE = Automatic;
				COMBINE_HIDPI_IMAGES = YES;
				DEVELOPMENT_TEAM = JHMZ6EEG92;
				INFOPLIST_FILE = EssentialFeedTests/Info.plist;
				LD_RUNPATH_SEARCH_PATHS = (
					"$(inherited)",
					"@executable_path/../Frameworks",
					"@loader_path/../Frameworks",
				);
				PRODUCT_BUNDLE_IDENTIFIER = com.shreyapallan.EssentialFeedTests;
				PRODUCT_NAME = "$(TARGET_NAME)";
				SWIFT_VERSION = 5.0;
			};
			name = Release;
		};
		35A29731262D628700F1AAC5 /* Debug */ = {
			isa = XCBuildConfiguration;
			buildSettings = {
				CODE_SIGN_STYLE = Automatic;
				COMBINE_HIDPI_IMAGES = YES;
				DEVELOPMENT_TEAM = JHMZ6EEG92;
				INFOPLIST_FILE = EssentialFeedAPIEndToEndTests/Info.plist;
				LD_RUNPATH_SEARCH_PATHS = (
					"$(inherited)",
					"@executable_path/../Frameworks",
					"@loader_path/../Frameworks",
				);
				PRODUCT_BUNDLE_IDENTIFIER = com.shreyapallan.EssentialFeedAPIEndToEndTests;
				PRODUCT_NAME = "$(TARGET_NAME)";
				SWIFT_VERSION = 5.0;
			};
			name = Debug;
		};
		35A29732262D628700F1AAC5 /* Release */ = {
			isa = XCBuildConfiguration;
			buildSettings = {
				CODE_SIGN_STYLE = Automatic;
				COMBINE_HIDPI_IMAGES = YES;
				DEVELOPMENT_TEAM = JHMZ6EEG92;
				INFOPLIST_FILE = EssentialFeedAPIEndToEndTests/Info.plist;
				LD_RUNPATH_SEARCH_PATHS = (
					"$(inherited)",
					"@executable_path/../Frameworks",
					"@loader_path/../Frameworks",
				);
				PRODUCT_BUNDLE_IDENTIFIER = com.shreyapallan.EssentialFeedAPIEndToEndTests;
				PRODUCT_NAME = "$(TARGET_NAME)";
				SWIFT_VERSION = 5.0;
			};
			name = Release;
		};
/* End XCBuildConfiguration section */

/* Begin XCConfigurationList section */
		356FFC7A25FA0EB3003C6489 /* Build configuration list for PBXProject "EssentialFeed" */ = {
			isa = XCConfigurationList;
			buildConfigurations = (
				356FFC9225FA0EB3003C6489 /* Debug */,
				356FFC9325FA0EB3003C6489 /* Release */,
			);
			defaultConfigurationIsVisible = 0;
			defaultConfigurationName = Release;
		};
		356FFC9425FA0EB3003C6489 /* Build configuration list for PBXNativeTarget "EssentialFeed" */ = {
			isa = XCConfigurationList;
			buildConfigurations = (
				356FFC9525FA0EB3003C6489 /* Debug */,
				356FFC9625FA0EB3003C6489 /* Release */,
			);
			defaultConfigurationIsVisible = 0;
			defaultConfigurationName = Release;
		};
		356FFC9725FA0EB3003C6489 /* Build configuration list for PBXNativeTarget "EssentialFeedTests" */ = {
			isa = XCConfigurationList;
			buildConfigurations = (
				356FFC9825FA0EB3003C6489 /* Debug */,
				356FFC9925FA0EB3003C6489 /* Release */,
			);
			defaultConfigurationIsVisible = 0;
			defaultConfigurationName = Release;
		};
		35A29730262D628700F1AAC5 /* Build configuration list for PBXNativeTarget "EssentialFeedAPIEndToEndTests" */ = {
			isa = XCConfigurationList;
			buildConfigurations = (
				35A29731262D628700F1AAC5 /* Debug */,
				35A29732262D628700F1AAC5 /* Release */,
			);
			defaultConfigurationIsVisible = 0;
			defaultConfigurationName = Release;
		};
/* End XCConfigurationList section */
	};
	rootObject = 356FFC7725FA0EB3003C6489 /* Project object */;
}
